
Microsoft Visual Studio Solution File, Format Version 12.00
# Visual Studio 15
Project("{FAE04EC0-301F-11D3-BF4B-00C04F79EFBC}") = "Unity.XR.Interaction.Toolkit.Samples.StarterAssets", "Unity.XR.Interaction.Toolkit.Samples.StarterAssets.csproj", "{C262BDFD-00C7-49D9-CAD9-BFDEE2BF71DA}"
EndProject
Project("{FAE04EC0-301F-11D3-BF4B-00C04F79EFBC}") = "Assembly-CSharp", "Assembly-CSharp.csproj", "{E732ACFF-F44D-4777-4C83-1676AB5271CD}"
EndProject
Project("{FAE04EC0-301F-11D3-BF4B-00C04F79EFBC}") = "Unity.XR.Interaction.Toolkit.Samples.StarterAssets.Editor", "Unity.XR.Interaction.Toolkit.Samples.StarterAssets.Editor.csproj", "{187FE971-D3C2-707A-AF49-938F4A7FC1DA}"
EndProject
Project("{FAE04EC0-301F-11D3-BF4B-00C04F79EFBC}") = "Assembly-CSharp-Editor", "Assembly-CSharp-Editor.csproj", "{592CC898-6B9B-CF49-233E-FDAF8A9B74B1}"
EndProject
Global
	GlobalSection(SolutionConfigurationPlatforms) = preSolution
		Debug|Any CPU = Debug|Any CPU
		Release|Any CPU = Release|Any CPU
	EndGlobalSection
	GlobalSection(ProjectConfigurationPlatforms) = postSolution
		{C262BDFD-00C7-49D9-CAD9-BFDEE2BF71DA}.Debug|Any CPU.ActiveCfg = Debug|Any CPU
		{C262BDFD-00C7-49D9-CAD9-BFDEE2BF71DA}.Debug|Any CPU.Build.0 = Debug|Any CPU
		{C262BDFD-00C7-49D9-CAD9-BFDEE2BF71DA}.Release|Any CPU.ActiveCfg = Release|Any CPU
		{C262BDFD-00C7-49D9-CAD9-BFDEE2BF71DA}.Release|Any CPU.Build.0 = Release|Any CPU
		{E732ACFF-F44D-4777-4C83-1676AB5271CD}.Debug|Any CPU.ActiveCfg = Debug|Any CPU
		{E732ACFF-F44D-4777-4C83-1676AB5271CD}.Debug|Any CPU.Build.0 = Debug|Any CPU
		{E732ACFF-F44D-4777-4C83-1676AB5271CD}.Release|Any CPU.ActiveCfg = Release|Any CPU
		{E732ACFF-F44D-4777-4C83-1676AB5271CD}.Release|Any CPU.Build.0 = Release|Any CPU
		{187FE971-D3C2-707A-AF49-938F4A7FC1DA}.Debug|Any CPU.ActiveCfg = Debug|Any CPU
		{187FE971-D3C2-707A-AF49-938F4A7FC1DA}.Debug|Any CPU.Build.0 = Debug|Any CPU
		{187FE971-D3C2-707A-AF49-938F4A7FC1DA}.Release|Any CPU.ActiveCfg = Release|Any CPU
		{187FE971-D3C2-707A-AF49-938F4A7FC1DA}.Release|Any CPU.Build.0 = Release|Any CPU
		{592CC898-6B9B-CF49-233E-FDAF8A9B74B1}.Debug|Any CPU.ActiveCfg = Debug|Any CPU
		{592CC898-6B9B-CF49-233E-FDAF8A9B74B1}.Debug|Any CPU.Build.0 = Debug|Any CPU
		{592CC898-6B9B-CF49-233E-FDAF8A9B74B1}.Release|Any CPU.ActiveCfg = Release|Any CPU
		{592CC898-6B9B-CF49-233E-FDAF8A9B74B1}.Release|Any CPU.Build.0 = Release|Any CPU
	EndGlobalSection
	GlobalSection(SolutionProperties) = preSolution
		HideSolutionNode = FALSE
	EndGlobalSection
EndGlobal
